{
  "version": 2,
  "dependencies": {
    "net10.0": {
      "Npgsql.EntityFrameworkCore.PostgreSQL": {
        "type": "Direct",
        "requested": "[10.0.3, )",
        "resolved": "10.0.3",
        "contentHash": "IPGrrZnRkuW7OlHDhUESZz4G5DLkW7Nej/O3Cx+0iTsgyU5XJxBgpsvTHLloo3WWuAKKbDHXBvWPVkX1deRh1Q==",
        "dependencies": {
          "Microsoft.EntityFrameworkCore": "[10.0.4, 11.0.0)",
          "Microsoft.EntityFrameworkCore.Relational": "[10.0.4, 11.0.0)",
          "Npgsql": "10.0.3"
        }
      },
      "Microsoft.EntityFrameworkCore.Abstractions": {
        "type": "Transitive",
        "resolved": "10.0.4",
        "contentHash": "qDcJqCfN1XYyX0ID/Hd9/kQTRvlia8S+Yuwyl9uFhBIKnOCbl9WMdGQCzbZUKbkpkfvf3P9CDdXsnxHyE3O0Aw=="
      },
      "Microsoft.EntityFrameworkCore.Analyzers": {
        "type": "Transitive",
        "resolved": "10.0.4",
        "contentHash": "pQeMHCyD3yTtCEGnHV4VsgKUvrESo3MR5mnh8sgQ1hWYmI1YFsUutDowBIxkobeWRtaRmBqQAtF7XQFW6FWuNA=="
      },
      "OpenTelemetry.Api.ProviderBuilderExtensions": {
        "type": "Transitive",
        "resolved": "1.17.0",
        "contentHash": "Xgc3Qf9B9TFMFpx6exTdGqMWuYIT2miNzkdMPutVvT9YuMFaEovXWke1Gb6z8NxYaQbbGF38vYLuSg1JCeui5Q==",
        "dependencies": {
          "OpenTelemetry.Api": "1.17.0"
        }
      },
      "avtobus.core": {
        "type": "Project",
        "dependencies": {
          "OpenTelemetry": "[1.17.0, )",
          "OpenTelemetry.Api": "[1.17.0, )"
        }
      },
      "avtobus.dashboard": {
        "type": "Project",
        "dependencies": {
          "AvtoBus.Core": "[1.0.0, )"
        }
      },
      "avtobus.outbox.efcore": {
        "type": "Project",
        "dependencies": {
          "AvtoBus.Core": "[1.0.0, )",
          "AvtoBus.Security": "[1.0.0, )",
          "Microsoft.EntityFrameworkCore": "[10.0.4, )",
          "Microsoft.EntityFrameworkCore.Relational": "[10.0.4, )"
        }
      },
      "avtobus.rabbitmq": {
        "type": "Project",
        "dependencies": {
          "AvtoBus.Core": "[1.0.0, )",
          "RabbitMQ.Client": "[7.2.1, )"
        }
      },
      "avtobus.security": {
        "type": "Project",
        "dependencies": {
          "AvtoBus.Core": "[1.0.0, )"
        }
      },
      "Microsoft.EntityFrameworkCore": {
        "type": "CentralTransitive",
        "requested": "[10.0.4, )",
        "resolved": "10.0.4",
        "contentHash": "kzTsfFK2GCytp6DDTfQOmxPU4gbGdrIlP7PxrxF3ESNLtfXrC8BoUVZENBN2WORlZPAD7CVX6AYIglgkpXQooA==",
        "dependencies": {
          "Microsoft.EntityFrameworkCore.Abstractions": "10.0.4",
          "Microsoft.EntityFrameworkCore.Analyzers": "10.0.4"
        }
      },
      "Microsoft.EntityFrameworkCore.Relational": {
        "type": "CentralTransitive",
        "requested": "[10.0.4, )",
        "resolved": "10.0.4",
        "contentHash": "DOTjTHy93W3TwpMLM4SCm0n57Sc0Jj3+m2S6LSTstKyBB34eT1UouaMS19mpWwvtj42+sRiEjA3+rOTNoNzXFQ==",
        "dependencies": {
          "Microsoft.EntityFrameworkCore": "10.0.4"
        }
      },
      "Npgsql": {
        "type": "CentralTransitive",
        "requested": "[10.0.3, )",
        "resolved": "10.0.3",
        "contentHash": "7nb5YzXuvWWJxB0J8DiyL3we+X4FOctZrt0fIBnucOIaIevFEEwGQVZKtiu9olXdlNAK1eNgqSral6r/jlhI4w=="
      },
      "OpenTelemetry": {
        "type": "CentralTransitive",
        "requested": "[1.17.0, )",
        "resolved": "1.17.0",
        "contentHash": "rMLOTftlMlTm7+MSrvXDHnJRjVkROFNKXHZrYjOsX+LankaFG7QSflx7qRRGjoqZoirohnxmJQ7GEb9occO4Gg==",
        "dependencies": {
          "OpenTelemetry.Api.ProviderBuilderExtensions": "1.17.0"
        }
      },
      "OpenTelemetry.Api": {
        "type": "CentralTransitive",
        "requested": "[1.17.0, )",
        "resolved": "1.17.0",
        "contentHash": "mSBxzomZgHIJu9CyVNqyDu/n2JHEtqVgfcCD1Br0cV5iLYogjZOMqhlVLt99PEp+0KGBNUR3GXgeOdN2GR3F9g=="
      },
      "RabbitMQ.Client": {
        "type": "CentralTransitive",
        "requested": "[7.2.1, )",
        "resolved": "7.2.1",
        "contentHash": "YKXEfg9fVQiTKgZlvIhAfPSFaamEgi8DsQmisCH0IAsU4FYLrtoguDrDj6JtJVGUt40QPnBLRH6fTQcAC4qsOg=="
      }
    }
  }
}