{
  "version": 2,
  "dependencies": {
    "net10.0": {
      "librdkafka.redist": {
        "type": "Transitive",
        "resolved": "2.8.0",
        "contentHash": "Gg8nPjn9+Sp6X+O1g9duKarCteFQjpkCVJS06ihVQf4PVnR/jPXkN3vwvWe5zP4L47xiEfU+6wIp4pbIvaQ6rQ=="
      },
      "Microsoft.EntityFrameworkCore.Abstractions": {
        "type": "Transitive",
        "resolved": "10.0.4",
        "contentHash": "qDcJqCfN1XYyX0ID/Hd9/kQTRvlia8S+Yuwyl9uFhBIKnOCbl9WMdGQCzbZUKbkpkfvf3P9CDdXsnxHyE3O0Aw=="
      },
      "Microsoft.EntityFrameworkCore.Analyzers": {
        "type": "Transitive",
        "resolved": "10.0.4",
        "contentHash": "pQeMHCyD3yTtCEGnHV4VsgKUvrESo3MR5mnh8sgQ1hWYmI1YFsUutDowBIxkobeWRtaRmBqQAtF7XQFW6FWuNA=="
      },
      "OpenTelemetry.Api.ProviderBuilderExtensions": {
        "type": "Transitive",
        "resolved": "1.17.0",
        "contentHash": "Xgc3Qf9B9TFMFpx6exTdGqMWuYIT2miNzkdMPutVvT9YuMFaEovXWke1Gb6z8NxYaQbbGF38vYLuSg1JCeui5Q==",
        "dependencies": {
          "OpenTelemetry.Api": "1.17.0"
        }
      },
      "avtobus.core": {
        "type": "Project",
        "dependencies": {
          "OpenTelemetry": "[1.17.0, )",
          "OpenTelemetry.Api": "[1.17.0, )"
        }
      },
      "avtobus.dashboard": {
        "type": "Project",
        "dependencies": {
          "AvtoBus.Core": "[1.0.0, )"
        }
      },
      "avtobus.inmemory": {
        "type": "Project",
        "dependencies": {
          "AvtoBus.Core": "[1.0.0, )"
        }
      },
      "avtobus.kafka": {
        "type": "Project",
        "dependencies": {
          "AvtoBus.Core": "[1.0.0, )",
          "Confluent.Kafka": "[2.8.0, )"
        }
      },
      "avtobus.outbox.efcore": {
        "type": "Project",
        "dependencies": {
          "AvtoBus.Core": "[1.0.0, )",
          "AvtoBus.Security": "[1.0.0, )",
          "Microsoft.EntityFrameworkCore": "[10.0.4, )",
          "Microsoft.EntityFrameworkCore.Relational": "[10.0.4, )"
        }
      },
      "avtobus.rabbitmq": {
        "type": "Project",
        "dependencies": {
          "AvtoBus.Core": "[1.0.0, )",
          "RabbitMQ.Client": "[7.2.1, )"
        }
      },
      "avtobus.security": {
        "type": "Project",
        "dependencies": {
          "AvtoBus.Core": "[1.0.0, )"
        }
      },
      "avtobus.twoservices.contracts": {
        "type": "Project"
      },
      "Confluent.Kafka": {
        "type": "CentralTransitive",
        "requested": "[2.8.0, )",
        "resolved": "2.8.0",
        "contentHash": "i5Qb5BPthGXmLRSZWXVLPVNfo9Mxt+UieC+E/ZTFmlGIuPPd57g7Sxp8QP7fYp7qEBXs561jvWDLGaCZqV9ycg==",
        "dependencies": {
          "librdkafka.redist": "2.8.0"
        }
      },
      "Microsoft.EntityFrameworkCore": {
        "type": "CentralTransitive",
        "requested": "[10.0.4, )",
        "resolved": "10.0.4",
        "contentHash": "kzTsfFK2GCytp6DDTfQOmxPU4gbGdrIlP7PxrxF3ESNLtfXrC8BoUVZENBN2WORlZPAD7CVX6AYIglgkpXQooA==",
        "dependencies": {
          "Microsoft.EntityFrameworkCore.Abstractions": "10.0.4",
          "Microsoft.EntityFrameworkCore.Analyzers": "10.0.4"
        }
      },
      "Microsoft.EntityFrameworkCore.Relational": {
        "type": "CentralTransitive",
        "requested": "[10.0.4, )",
        "resolved": "10.0.4",
        "contentHash": "DOTjTHy93W3TwpMLM4SCm0n57Sc0Jj3+m2S6LSTstKyBB34eT1UouaMS19mpWwvtj42+sRiEjA3+rOTNoNzXFQ==",
        "dependencies": {
          "Microsoft.EntityFrameworkCore": "10.0.4"
        }
      },
      "OpenTelemetry": {
        "type": "CentralTransitive",
        "requested": "[1.17.0, )",
        "resolved": "1.17.0",
        "contentHash": "rMLOTftlMlTm7+MSrvXDHnJRjVkROFNKXHZrYjOsX+LankaFG7QSflx7qRRGjoqZoirohnxmJQ7GEb9occO4Gg==",
        "dependencies": {
          "OpenTelemetry.Api.ProviderBuilderExtensions": "1.17.0"
        }
      },
      "OpenTelemetry.Api": {
        "type": "CentralTransitive",
        "requested": "[1.17.0, )",
        "resolved": "1.17.0",
        "contentHash": "mSBxzomZgHIJu9CyVNqyDu/n2JHEtqVgfcCD1Br0cV5iLYogjZOMqhlVLt99PEp+0KGBNUR3GXgeOdN2GR3F9g=="
      },
      "RabbitMQ.Client": {
        "type": "CentralTransitive",
        "requested": "[7.2.1, )",
        "resolved": "7.2.1",
        "contentHash": "YKXEfg9fVQiTKgZlvIhAfPSFaamEgi8DsQmisCH0IAsU4FYLrtoguDrDj6JtJVGUt40QPnBLRH6fTQcAC4qsOg=="
      }
    }
  }
}